Microsoft Visual Studio Solution File, Format Version 12.00
# Visual Studio Version 17
VisualStudioVersion = 17.5.2.0
MinimumVisualStudioVersion = 10.0.40219.1
Project("{FAE04EC0-301F-11D3-BF4B-00C04F79EFBC}") = "BookStore.Blazor", "BookStore.Blazor.csproj", "{B864EB77-2EB0-EF98-EF1E-2E691D836C4F}"
EndProject
Global
	GlobalSection(SolutionConfigurationPlatforms) = preSolution
		Debug|Any CPU = Debug|Any CPU
		Release|Any CPU = Release|Any CPU
	EndGlobalSection
	GlobalSection(ProjectConfigurationPlatforms) = postSolution
		{B864EB77-2EB0-EF98-EF1E-2E691D836C4F}.Debug|Any CPU.ActiveCfg = Debug|Any CPU
		{B864EB77-2EB0-EF98-EF1E-2E691D836C4F}.Debug|Any CPU.Build.0 = Debug|Any CPU
		{B864EB77-2EB0-EF98-EF1E-2E691D836C4F}.Release|Any CPU.ActiveCfg = Release|Any CPU
		{B864EB77-2EB0-EF98-EF1E-2E691D836C4F}.Release|Any CPU.Build.0 = Release|Any CPU
	EndGlobalSection
	GlobalSection(SolutionProperties) = preSolution
		HideSolutionNode = FALSE
	EndGlobalSection
	GlobalSection(ExtensibilityGlobals) = postSolution
		SolutionGuid = {919BF1E8-CCF4-4854-8342-684F546A10BB}
	EndGlobalSection
EndGlobal
